
Microsoft Visual Studio Solution File, Format Version 12.00
# Visual Studio Version 17
VisualStudioVersion = 17.11.35327.3
MinimumVisualStudioVersion = 10.0.40219.1
Project("{9A19103F-16F7-4668-BE54-9A1E7A4F7556}") = "SegundoParcialElipses.Entidades", "SegundoParcialElipses.Entidades\SegundoParcialElipses.Entidades.csproj", "{F251A781-C78A-46D1-86CC-76C76734F130}"
EndProject
Project("{9A19103F-16F7-4668-BE54-9A1E7A4F7556}") = "SegundoParcialElipses.Datos", "SegundoParcialElipses.Datos\SegundoParcialElipses.Datos.csproj", "{80B0E8AA-7E88-46A3-8A01-5E1320306797}"
EndProject
Project("{9A19103F-16F7-4668-BE54-9A1E7A4F7556}") = "SegundoParcialElipses.Windows", "SegundoParcialElipses.Windows\SegundoParcialElipses.Windows.csproj", "{D7BB5144-D361-4B4E-ACDC-56D2A0AD9EA9}"
EndProject
Global
	GlobalSection(SolutionConfigurationPlatforms) = preSolution
		Debug|Any CPU = Debug|Any CPU
		Release|Any CPU = Release|Any CPU
	EndGlobalSection
	GlobalSection(ProjectConfigurationPlatforms) = postSolution
		{F251A781-C78A-46D1-86CC-76C76734F130}.Debug|Any CPU.ActiveCfg = Debug|Any CPU
		{F251A781-C78A-46D1-86CC-76C76734F130}.Debug|Any CPU.Build.0 = Debug|Any CPU
		{F251A781-C78A-46D1-86CC-76C76734F130}.Release|Any CPU.ActiveCfg = Release|Any CPU
		{F251A781-C78A-46D1-86CC-76C76734F130}.Release|Any CPU.Build.0 = Release|Any CPU
		{80B0E8AA-7E88-46A3-8A01-5E1320306797}.Debug|Any CPU.ActiveCfg = Debug|Any CPU
		{80B0E8AA-7E88-46A3-8A01-5E1320306797}.Debug|Any CPU.Build.0 = Debug|Any CPU
		{80B0E8AA-7E88-46A3-8A01-5E1320306797}.Release|Any CPU.ActiveCfg = Release|Any CPU
		{80B0E8AA-7E88-46A3-8A01-5E1320306797}.Release|Any CPU.Build.0 = Release|Any CPU
		{D7BB5144-D361-4B4E-ACDC-56D2A0AD9EA9}.Debug|Any CPU.ActiveCfg = Debug|Any CPU
		{D7BB5144-D361-4B4E-ACDC-56D2A0AD9EA9}.Debug|Any CPU.Build.0 = Debug|Any CPU
		{D7BB5144-D361-4B4E-ACDC-56D2A0AD9EA9}.Release|Any CPU.ActiveCfg = Release|Any CPU
		{D7BB5144-D361-4B4E-ACDC-56D2A0AD9EA9}.Release|Any CPU.Build.0 = Release|Any CPU
	EndGlobalSection
	GlobalSection(SolutionProperties) = preSolution
		HideSolutionNode = FALSE
	EndGlobalSection
	GlobalSection(ExtensibilityGlobals) = postSolution
		SolutionGuid = {1A3023A3-1B24-48D7-8E3F-D8BB113EBC3D}
	EndGlobalSection
EndGlobal
